
Microsoft Visual Studio Solution File, Format Version 12.00
# Visual Studio Version 16
VisualStudioVersion = 16.0.29709.97
MinimumVisualStudioVersion = 10.0.40219.1
Project("{888888A0-9F3D-457C-B088-3A5042F75D52}") = "PythonLoops", "PythonLoops.pyproj", "{142018C6-AF15-4F5C-9288-7947DED8BC24}"
EndProject
Global
	GlobalSection(SolutionConfigurationPlatforms) = preSolution
		Debug|Any CPU = Debug|Any CPU
		Release|Any CPU = Release|Any CPU
	EndGlobalSection
	GlobalSection(ProjectConfigurationPlatforms) = postSolution
		{142018C6-AF15-4F5C-9288-7947DED8BC24}.Debug|Any CPU.ActiveCfg = Debug|Any CPU
		{142018C6-AF15-4F5C-9288-7947DED8BC24}.Release|Any CPU.ActiveCfg = Release|Any CPU
	EndGlobalSection
	GlobalSection(SolutionProperties) = preSolution
		HideSolutionNode = FALSE
	EndGlobalSection
	GlobalSection(ExtensibilityGlobals) = postSolution
		SolutionGuid = {5B878E19-A259-4808-A527-B67856936F16}
	EndGlobalSection
EndGlobal
